
Microsoft Visual Studio Solution File, Format Version 12.00
# Visual Studio 15
VisualStudioVersion = 15.0.27703.2047
MinimumVisualStudioVersion = 10.0.40219.1
Project("{FAE04EC0-301F-11D3-BF4B-00C04F79EFBC}") = "AgriInvestment.WebUI", "AgriInvestment.WebUI\AgriInvestment.WebUI.csproj", "{959096B4-4BB7-4D15-8EB3-E12D369F723A}"
EndProject
Project("{FAE04EC0-301F-11D3-BF4B-00C04F79EFBC}") = "AgriInvestment.WebUI.Tests", "AgriInvestment.WebUI.Tests\AgriInvestment.WebUI.Tests.csproj", "{05BAA26E-BC5E-4960-8E6C-FEE3E1B35650}"
EndProject
Project("{FAE04EC0-301F-11D3-BF4B-00C04F79EFBC}") = "AgriInvestment.Core", "AgriInvestment.Core\AgriInvestment.Core.csproj", "{4B27DBA2-A6B1-4FB3-BA26-A067B98064EE}"
EndProject
Project("{FAE04EC0-301F-11D3-BF4B-00C04F79EFBC}") = "AgriInvestment.DataAccess.InMemory", "AgriInvestment.DataAccess.InMemory\AgriInvestment.DataAccess.InMemory.csproj", "{EE2DF589-C8DE-47F7-B4B2-6A275D91A1DD}"
EndProject
Global
	GlobalSection(SolutionConfigurationPlatforms) = preSolution
		Debug|Any CPU = Debug|Any CPU
		Release|Any CPU = Release|Any CPU
	EndGlobalSection
	GlobalSection(ProjectConfigurationPlatforms) = postSolution
		{959096B4-4BB7-4D15-8EB3-E12D369F723A}.Debug|Any CPU.ActiveCfg = Debug|Any CPU
		{959096B4-4BB7-4D15-8EB3-E12D369F723A}.Debug|Any CPU.Build.0 = Debug|Any CPU
		{959096B4-4BB7-4D15-8EB3-E12D369F723A}.Release|Any CPU.ActiveCfg = Release|Any CPU
		{959096B4-4BB7-4D15-8EB3-E12D369F723A}.Release|Any CPU.Build.0 = Release|Any CPU
		{05BAA26E-BC5E-4960-8E6C-FEE3E1B35650}.Debug|Any CPU.ActiveCfg = Debug|Any CPU
		{05BAA26E-BC5E-4960-8E6C-FEE3E1B35650}.Debug|Any CPU.Build.0 = Debug|Any CPU
		{05BAA26E-BC5E-4960-8E6C-FEE3E1B35650}.Release|Any CPU.ActiveCfg = Release|Any CPU
		{05BAA26E-BC5E-4960-8E6C-FEE3E1B35650}.Release|Any CPU.Build.0 = Release|Any CPU
		{4B27DBA2-A6B1-4FB3-BA26-A067B98064EE}.Debug|Any CPU.ActiveCfg = Debug|Any CPU
		{4B27DBA2-A6B1-4FB3-BA26-A067B98064EE}.Debug|Any CPU.Build.0 = Debug|Any CPU
		{4B27DBA2-A6B1-4FB3-BA26-A067B98064EE}.Release|Any CPU.ActiveCfg = Release|Any CPU
		{4B27DBA2-A6B1-4FB3-BA26-A067B98064EE}.Release|Any CPU.Build.0 = Release|Any CPU
		{EE2DF589-C8DE-47F7-B4B2-6A275D91A1DD}.Debug|Any CPU.ActiveCfg = Debug|Any CPU
		{EE2DF589-C8DE-47F7-B4B2-6A275D91A1DD}.Debug|Any CPU.Build.0 = Debug|Any CPU
		{EE2DF589-C8DE-47F7-B4B2-6A275D91A1DD}.Release|Any CPU.ActiveCfg = Release|Any CPU
		{EE2DF589-C8DE-47F7-B4B2-6A275D91A1DD}.Release|Any CPU.Build.0 = Release|Any CPU
	EndGlobalSection
	GlobalSection(SolutionProperties) = preSolution
		HideSolutionNode = FALSE
	EndGlobalSection
	GlobalSection(ExtensibilityGlobals) = postSolution
		SolutionGuid = {FBACC653-FBA5-4857-9C65-BF8F887CFFE5}
	EndGlobalSection
EndGlobal
